
Microsoft Visual Studio Solution File, Format Version 12.00
# Visual Studio Version 16
VisualStudioVersion = 16.0.29613.14
MinimumVisualStudioVersion = 10.0.40219.1
Project("{FAE04EC0-301F-11D3-BF4B-00C04F79EFBC}") = "MyFirstPluginCollection", "MyFirstPluginCollection\MyFirstPluginCollection.csproj", "{972593BE-28E5-4E59-AC09-6E929152B89D}"
EndProject
Project("{FAE04EC0-301F-11D3-BF4B-00C04F79EFBC}") = "TestCWA", "TestCWA\TestCWA.csproj", "{4304CE4C-04C5-4926-A234-7DCF4BB1A056}"
EndProject
Project("{FAE04EC0-301F-11D3-BF4B-00C04F79EFBC}") = "CSVDataUploader", "CSVDataUploader\CSVDataUploader.csproj", "{487C7F44-3062-496D-8DE1-B0C08B82801A}"
EndProject
Project("{FAE04EC0-301F-11D3-BF4B-00C04F79EFBC}") = "CSVDataUploaderAdvanced", "CSVDataUploaderAdvanced\CSVDataUploaderAdvanced.csproj", "{F552B08B-0C3C-44CE-B6AD-4A3CD4611723}"
EndProject
Project("{FAE04EC0-301F-11D3-BF4B-00C04F79EFBC}") = "CSVDataUploaderUsingTinyCSVParser", "CSVDataUploaderUsingTinyCSVParser\CSVDataUploaderUsingTinyCSVParser.csproj", "{54BEEAF5-3EF5-4D7E-945D-439C25582378}"
EndProject
Global
	GlobalSection(SolutionConfigurationPlatforms) = preSolution
		Debug|Any CPU = Debug|Any CPU
		Release|Any CPU = Release|Any CPU
	EndGlobalSection
	GlobalSection(ProjectConfigurationPlatforms) = postSolution
		{972593BE-28E5-4E59-AC09-6E929152B89D}.Debug|Any CPU.ActiveCfg = Debug|Any CPU
		{972593BE-28E5-4E59-AC09-6E929152B89D}.Debug|Any CPU.Build.0 = Debug|Any CPU
		{972593BE-28E5-4E59-AC09-6E929152B89D}.Release|Any CPU.ActiveCfg = Release|Any CPU
		{972593BE-28E5-4E59-AC09-6E929152B89D}.Release|Any CPU.Build.0 = Release|Any CPU
		{4304CE4C-04C5-4926-A234-7DCF4BB1A056}.Debug|Any CPU.ActiveCfg = Debug|Any CPU
		{4304CE4C-04C5-4926-A234-7DCF4BB1A056}.Debug|Any CPU.Build.0 = Debug|Any CPU
		{4304CE4C-04C5-4926-A234-7DCF4BB1A056}.Release|Any CPU.ActiveCfg = Release|Any CPU
		{4304CE4C-04C5-4926-A234-7DCF4BB1A056}.Release|Any CPU.Build.0 = Release|Any CPU
		{487C7F44-3062-496D-8DE1-B0C08B82801A}.Debug|Any CPU.ActiveCfg = Debug|Any CPU
		{487C7F44-3062-496D-8DE1-B0C08B82801A}.Debug|Any CPU.Build.0 = Debug|Any CPU
		{487C7F44-3062-496D-8DE1-B0C08B82801A}.Release|Any CPU.ActiveCfg = Release|Any CPU
		{487C7F44-3062-496D-8DE1-B0C08B82801A}.Release|Any CPU.Build.0 = Release|Any CPU
		{F552B08B-0C3C-44CE-B6AD-4A3CD4611723}.Debug|Any CPU.ActiveCfg = Debug|Any CPU
		{F552B08B-0C3C-44CE-B6AD-4A3CD4611723}.Debug|Any CPU.Build.0 = Debug|Any CPU
		{F552B08B-0C3C-44CE-B6AD-4A3CD4611723}.Release|Any CPU.ActiveCfg = Release|Any CPU
		{F552B08B-0C3C-44CE-B6AD-4A3CD4611723}.Release|Any CPU.Build.0 = Release|Any CPU
		{54BEEAF5-3EF5-4D7E-945D-439C25582378}.Debug|Any CPU.ActiveCfg = Debug|Any CPU
		{54BEEAF5-3EF5-4D7E-945D-439C25582378}.Debug|Any CPU.Build.0 = Debug|Any CPU
		{54BEEAF5-3EF5-4D7E-945D-439C25582378}.Release|Any CPU.ActiveCfg = Release|Any CPU
		{54BEEAF5-3EF5-4D7E-945D-439C25582378}.Release|Any CPU.Build.0 = Release|Any CPU
	EndGlobalSection
	GlobalSection(SolutionProperties) = preSolution
		HideSolutionNode = FALSE
	EndGlobalSection
	GlobalSection(ExtensibilityGlobals) = postSolution
		SolutionGuid = {7FA0A6EF-57A8-4034-96A1-5A7D59351DBE}
	EndGlobalSection
EndGlobal
