
Microsoft Visual Studio Solution File, Format Version 12.00
# Visual Studio Version 16
VisualStudioVersion = 16.0.29613.14
MinimumVisualStudioVersion = 10.0.40219.1
Project("{FAE04EC0-301F-11D3-BF4B-00C04F79EFBC}") = "MyFirstPluginCollection", "MyFirstPluginCollection\MyFirstPluginCollection.csproj", "{972593BE-28E5-4E59-AC09-6E929152B89D}"
EndProject
Project("{FAE04EC0-301F-11D3-BF4B-00C04F79EFBC}") = "TestCWA", "TestCWA\TestCWA.csproj", "{4304CE4C-04C5-4926-A234-7DCF4BB1A056}"
EndProject
Project("{FAE04EC0-301F-11D3-BF4B-00C04F79EFBC}") = "CSVDataUploader", "CSVDataUploader\CSVDataUploader.csproj", "{487C7F44-3062-496D-8DE1-B0C08B82801A}"
EndProject
Project("{FAE04EC0-301F-11D3-BF4B-00C04F79EFBC}") = "CSVDataUploaderAdvanced", "CSVDataUploaderAdvanced\CSVDataUploaderAdvanced.csproj", "{F552B08B-0C3C-44CE-B6AD-4A3CD4611723}"
EndProject
Project("{FAE04EC0-301F-11D3-BF4B-00C04F79EFBC}") = "CSVDataUploaderUsingTinyCSVParser", "CSVDataUploaderUsingTinyCSVParser\CSVDataUploaderUsingTinyCSVParser.csproj", "{54BEEAF5-3EF5-4D7E-945D-439C25582378}"
EndProject
Project("{FAE04EC0-301F-11D3-BF4B-00C04F79EFBC}") = "SimpleCSVWriterWithReflection", "SimpleCSVWriterWithReflection\SimpleCSVWriterWithReflection.csproj", "{2FAFCDDE-2124-4C77-92B3-3412C18A43D9}"
EndProject
Project("{FAE04EC0-301F-11D3-BF4B-00C04F79EFBC}") = "SimpleCSVWriterWithReflectionSpecialCharacters", "SimpleCSVWriterWithReflectionSpecialCharacters\SimpleCSVWriterWithReflectionSpecialCharacters.csproj", "{EC8F459A-718F-4AB8-9078-10243B638AD7}"
EndProject
Project("{FAE04EC0-301F-11D3-BF4B-00C04F79EFBC}") = "SimpleCSVWriterWithReflectionSpecialCharactersNAParams", "SimpleCSVWriterWithReflectionSpecialCharactersNAParams\SimpleCSVWriterWithReflectionSpecialCharactersNAParams.csproj", "{DCB65C2D-1771-48A3-8B49-DF28DD65A087}"
EndProject
Project("{FAE04EC0-301F-11D3-BF4B-00C04F79EFBC}") = "SimpleCSVWriterWithReflectionSpecialCharactersNAParamsLinked", "SimpleCSVWriterWithReflectionSpecialCharactersNAParamsLinked\SimpleCSVWriterWithReflectionSpecialCharactersNAParamsLinked.csproj", "{4034B6D7-D9DF-419F-AE4A-923191B54109}"
EndProject
Project("{FAE04EC0-301F-11D3-BF4B-00C04F79EFBC}") = "SimpleCSVWriterWithReflectionGeneric", "SimpleCSVWriterWithReflectionGeneric\SimpleCSVWriterWithReflectionGeneric.csproj", "{95CCCFC3-9FC8-4D53-8278-900527A47DF5}"
EndProject
Project("{FAE04EC0-301F-11D3-BF4B-00C04F79EFBC}") = "ReplyCSV", "ReplyCSV\ReplyCSV.csproj", "{33E7CF72-6B3B-4648-9B8E-64AAF5CB0B49}"
EndProject
Project("{FAE04EC0-301F-11D3-BF4B-00C04F79EFBC}") = "ReplyUploaderExample", "ReplyUploaderExample\ReplyUploaderExample.csproj", "{CEFC549A-A602-4CE8-AB90-810EB585E423}"
EndProject
Project("{FAE04EC0-301F-11D3-BF4B-00C04F79EFBC}") = "TableReader", "OpenXML\TableReader.csproj", "{B52E0415-1BB4-47CE-92FB-C1BB31E3CD3D}"
EndProject
Project("{FAE04EC0-301F-11D3-BF4B-00C04F79EFBC}") = "TestTableReader", "TestOpenXml\TestTableReader.csproj", "{DDD2E184-DE2D-481D-BAF7-1C3247ABC477}"
EndProject
Global
	GlobalSection(SolutionConfigurationPlatforms) = preSolution
		Debug|Any CPU = Debug|Any CPU
		Release|Any CPU = Release|Any CPU
	EndGlobalSection
	GlobalSection(ProjectConfigurationPlatforms) = postSolution
		{972593BE-28E5-4E59-AC09-6E929152B89D}.Debug|Any CPU.ActiveCfg = Debug|Any CPU
		{972593BE-28E5-4E59-AC09-6E929152B89D}.Debug|Any CPU.Build.0 = Debug|Any CPU
		{972593BE-28E5-4E59-AC09-6E929152B89D}.Release|Any CPU.ActiveCfg = Release|Any CPU
		{972593BE-28E5-4E59-AC09-6E929152B89D}.Release|Any CPU.Build.0 = Release|Any CPU
		{4304CE4C-04C5-4926-A234-7DCF4BB1A056}.Debug|Any CPU.ActiveCfg = Debug|Any CPU
		{4304CE4C-04C5-4926-A234-7DCF4BB1A056}.Debug|Any CPU.Build.0 = Debug|Any CPU
		{4304CE4C-04C5-4926-A234-7DCF4BB1A056}.Release|Any CPU.ActiveCfg = Release|Any CPU
		{4304CE4C-04C5-4926-A234-7DCF4BB1A056}.Release|Any CPU.Build.0 = Release|Any CPU
		{487C7F44-3062-496D-8DE1-B0C08B82801A}.Debug|Any CPU.ActiveCfg = Debug|Any CPU
		{487C7F44-3062-496D-8DE1-B0C08B82801A}.Debug|Any CPU.Build.0 = Debug|Any CPU
		{487C7F44-3062-496D-8DE1-B0C08B82801A}.Release|Any CPU.ActiveCfg = Release|Any CPU
		{487C7F44-3062-496D-8DE1-B0C08B82801A}.Release|Any CPU.Build.0 = Release|Any CPU
		{F552B08B-0C3C-44CE-B6AD-4A3CD4611723}.Debug|Any CPU.ActiveCfg = Debug|Any CPU
		{F552B08B-0C3C-44CE-B6AD-4A3CD4611723}.Debug|Any CPU.Build.0 = Debug|Any CPU
		{F552B08B-0C3C-44CE-B6AD-4A3CD4611723}.Release|Any CPU.ActiveCfg = Release|Any CPU
		{F552B08B-0C3C-44CE-B6AD-4A3CD4611723}.Release|Any CPU.Build.0 = Release|Any CPU
		{54BEEAF5-3EF5-4D7E-945D-439C25582378}.Debug|Any CPU.ActiveCfg = Debug|Any CPU
		{54BEEAF5-3EF5-4D7E-945D-439C25582378}.Debug|Any CPU.Build.0 = Debug|Any CPU
		{54BEEAF5-3EF5-4D7E-945D-439C25582378}.Release|Any CPU.ActiveCfg = Release|Any CPU
		{54BEEAF5-3EF5-4D7E-945D-439C25582378}.Release|Any CPU.Build.0 = Release|Any CPU
		{2FAFCDDE-2124-4C77-92B3-3412C18A43D9}.Debug|Any CPU.ActiveCfg = Debug|Any CPU
		{2FAFCDDE-2124-4C77-92B3-3412C18A43D9}.Debug|Any CPU.Build.0 = Debug|Any CPU
		{2FAFCDDE-2124-4C77-92B3-3412C18A43D9}.Release|Any CPU.ActiveCfg = Release|Any CPU
		{2FAFCDDE-2124-4C77-92B3-3412C18A43D9}.Release|Any CPU.Build.0 = Release|Any CPU
		{EC8F459A-718F-4AB8-9078-10243B638AD7}.Debug|Any CPU.ActiveCfg = Debug|Any CPU
		{EC8F459A-718F-4AB8-9078-10243B638AD7}.Debug|Any CPU.Build.0 = Debug|Any CPU
		{EC8F459A-718F-4AB8-9078-10243B638AD7}.Release|Any CPU.ActiveCfg = Release|Any CPU
		{EC8F459A-718F-4AB8-9078-10243B638AD7}.Release|Any CPU.Build.0 = Release|Any CPU
		{DCB65C2D-1771-48A3-8B49-DF28DD65A087}.Debug|Any CPU.ActiveCfg = Debug|Any CPU
		{DCB65C2D-1771-48A3-8B49-DF28DD65A087}.Debug|Any CPU.Build.0 = Debug|Any CPU
		{DCB65C2D-1771-48A3-8B49-DF28DD65A087}.Release|Any CPU.ActiveCfg = Release|Any CPU
		{DCB65C2D-1771-48A3-8B49-DF28DD65A087}.Release|Any CPU.Build.0 = Release|Any CPU
		{4034B6D7-D9DF-419F-AE4A-923191B54109}.Debug|Any CPU.ActiveCfg = Debug|Any CPU
		{4034B6D7-D9DF-419F-AE4A-923191B54109}.Debug|Any CPU.Build.0 = Debug|Any CPU
		{4034B6D7-D9DF-419F-AE4A-923191B54109}.Release|Any CPU.ActiveCfg = Release|Any CPU
		{4034B6D7-D9DF-419F-AE4A-923191B54109}.Release|Any CPU.Build.0 = Release|Any CPU
		{95CCCFC3-9FC8-4D53-8278-900527A47DF5}.Debug|Any CPU.ActiveCfg = Debug|Any CPU
		{95CCCFC3-9FC8-4D53-8278-900527A47DF5}.Debug|Any CPU.Build.0 = Debug|Any CPU
		{95CCCFC3-9FC8-4D53-8278-900527A47DF5}.Release|Any CPU.ActiveCfg = Release|Any CPU
		{95CCCFC3-9FC8-4D53-8278-900527A47DF5}.Release|Any CPU.Build.0 = Release|Any CPU
		{33E7CF72-6B3B-4648-9B8E-64AAF5CB0B49}.Debug|Any CPU.ActiveCfg = Debug|Any CPU
		{33E7CF72-6B3B-4648-9B8E-64AAF5CB0B49}.Debug|Any CPU.Build.0 = Debug|Any CPU
		{33E7CF72-6B3B-4648-9B8E-64AAF5CB0B49}.Release|Any CPU.ActiveCfg = Release|Any CPU
		{33E7CF72-6B3B-4648-9B8E-64AAF5CB0B49}.Release|Any CPU.Build.0 = Release|Any CPU
		{CEFC549A-A602-4CE8-AB90-810EB585E423}.Debug|Any CPU.ActiveCfg = Debug|Any CPU
		{CEFC549A-A602-4CE8-AB90-810EB585E423}.Debug|Any CPU.Build.0 = Debug|Any CPU
		{CEFC549A-A602-4CE8-AB90-810EB585E423}.Release|Any CPU.ActiveCfg = Release|Any CPU
		{CEFC549A-A602-4CE8-AB90-810EB585E423}.Release|Any CPU.Build.0 = Release|Any CPU
		{B52E0415-1BB4-47CE-92FB-C1BB31E3CD3D}.Debug|Any CPU.ActiveCfg = Debug|Any CPU
		{B52E0415-1BB4-47CE-92FB-C1BB31E3CD3D}.Debug|Any CPU.Build.0 = Debug|Any CPU
		{B52E0415-1BB4-47CE-92FB-C1BB31E3CD3D}.Release|Any CPU.ActiveCfg = Release|Any CPU
		{B52E0415-1BB4-47CE-92FB-C1BB31E3CD3D}.Release|Any CPU.Build.0 = Release|Any CPU
		{DDD2E184-DE2D-481D-BAF7-1C3247ABC477}.Debug|Any CPU.ActiveCfg = Debug|Any CPU
		{DDD2E184-DE2D-481D-BAF7-1C3247ABC477}.Debug|Any CPU.Build.0 = Debug|Any CPU
		{DDD2E184-DE2D-481D-BAF7-1C3247ABC477}.Release|Any CPU.ActiveCfg = Release|Any CPU
		{DDD2E184-DE2D-481D-BAF7-1C3247ABC477}.Release|Any CPU.Build.0 = Release|Any CPU
	EndGlobalSection
	GlobalSection(SolutionProperties) = preSolution
		HideSolutionNode = FALSE
	EndGlobalSection
	GlobalSection(ExtensibilityGlobals) = postSolution
		SolutionGuid = {7FA0A6EF-57A8-4034-96A1-5A7D59351DBE}
	EndGlobalSection
EndGlobal
